
Microsoft Visual Studio Solution File, Format Version 12.00
# Visual Studio Version 17
VisualStudioVersion = 17.11.35303.130
MinimumVisualStudioVersion = 10.0.40219.1
Project("{2150E333-8FDC-42A3-9474-1A3956D46DE8}") = "Services", "Services", "{4A2B301C-4F11-4225-A205-D9310D6FD547}"
EndProject
Project("{2150E333-8FDC-42A3-9474-1A3956D46DE8}") = "Catalog", "Catalog", "{1C960E43-FAE5-41BA-999F-3E6AE07ED3B2}"
EndProject
Project("{9A19103F-16F7-4668-BE54-9A1E7A4F7556}") = "E_Commerce.Catalog", "Services\Catalog\E_Commerce.Catalog\E_Commerce.Catalog.csproj", "{ADC9F340-C89D-4D64-81CC-5E8B710DDBA6}"
EndProject
Project("{2150E333-8FDC-42A3-9474-1A3956D46DE8}") = "Discount", "Discount", "{C7C5C18B-18BF-467F-802A-F21E2D69637D}"
EndProject
Project("{9A19103F-16F7-4668-BE54-9A1E7A4F7556}") = "E_Commerce.Discount", "Services\Discount\E_Commerce.Discount\E_Commerce.Discount.csproj", "{3A1B07AD-7FF9-4932-BE95-73A6C700F772}"
EndProject
Project("{2150E333-8FDC-42A3-9474-1A3956D46DE8}") = "Order", "Order", "{B883BCAD-F5F5-4290-999F-5A1C1EC815D9}"
EndProject
Project("{2150E333-8FDC-42A3-9474-1A3956D46DE8}") = "Core", "Core", "{CF9EA5CF-ACD3-44BA-8A9E-11C787F1003A}"
EndProject
Project("{2150E333-8FDC-42A3-9474-1A3956D46DE8}") = "Infrastructure", "Infrastructure", "{EAB686C6-9A30-4E37-A11A-52A17A9D3770}"
EndProject
Project("{2150E333-8FDC-42A3-9474-1A3956D46DE8}") = "Presentation", "Presentation", "{DC7F3E3D-7603-41E4-BFED-3D0ADA69BE88}"
EndProject
Project("{9A19103F-16F7-4668-BE54-9A1E7A4F7556}") = "E_Commerce.Order.Domain", "Services\Order\Core\E_Commerce.Order.Domain\E_Commerce.Order.Domain.csproj", "{039FB299-55B8-4E21-B3D5-0A7ECB201B57}"
EndProject
Project("{9A19103F-16F7-4668-BE54-9A1E7A4F7556}") = "E_Commerce.Order.Application", "Services\Order\Core\E_Commerce.Order.Application\E_Commerce.Order.Application.csproj", "{1A567152-7FB6-44B6-B8D2-C3D0696A744D}"
EndProject
Project("{9A19103F-16F7-4668-BE54-9A1E7A4F7556}") = "E_Commerce.Order.Persistence", "Services\Order\Infrastructure\E_Commerce.Order.Persistence\E_Commerce.Order.Persistence.csproj", "{47DF38D6-80DB-4180-9935-EFB56A180DB0}"
EndProject
Project("{9A19103F-16F7-4668-BE54-9A1E7A4F7556}") = "E_Commerce.Order.WebApi", "Services\Order\Presentation\E_Commerce.Order.WebApi\E_Commerce.Order.WebApi.csproj", "{B0F35714-9909-4CFF-8C90-69248438815F}"
EndProject
Project("{2150E333-8FDC-42A3-9474-1A3956D46DE8}") = "IdentityServer", "IdentityServer", "{760E50BC-0B1E-40AB-8154-6440819B8783}"
EndProject
Project("{9A19103F-16F7-4668-BE54-9A1E7A4F7556}") = "E_Commerce.IdentityServer", "IdentityServer\E_Commerce.IdentityServer\E_Commerce.IdentityServer.csproj", "{B89E0C1C-52D5-4DD7-9C78-10453E28B590}"
EndProject
Global
	GlobalSection(SolutionConfigurationPlatforms) = preSolution
		Debug|Any CPU = Debug|Any CPU
		Release|Any CPU = Release|Any CPU
	EndGlobalSection
	GlobalSection(ProjectConfigurationPlatforms) = postSolution
		{ADC9F340-C89D-4D64-81CC-5E8B710DDBA6}.Debug|Any CPU.ActiveCfg = Debug|Any CPU
		{ADC9F340-C89D-4D64-81CC-5E8B710DDBA6}.Debug|Any CPU.Build.0 = Debug|Any CPU
		{ADC9F340-C89D-4D64-81CC-5E8B710DDBA6}.Release|Any CPU.ActiveCfg = Release|Any CPU
		{ADC9F340-C89D-4D64-81CC-5E8B710DDBA6}.Release|Any CPU.Build.0 = Release|Any CPU
		{3A1B07AD-7FF9-4932-BE95-73A6C700F772}.Debug|Any CPU.ActiveCfg = Debug|Any CPU
		{3A1B07AD-7FF9-4932-BE95-73A6C700F772}.Debug|Any CPU.Build.0 = Debug|Any CPU
		{3A1B07AD-7FF9-4932-BE95-73A6C700F772}.Release|Any CPU.ActiveCfg = Release|Any CPU
		{3A1B07AD-7FF9-4932-BE95-73A6C700F772}.Release|Any CPU.Build.0 = Release|Any CPU
		{039FB299-55B8-4E21-B3D5-0A7ECB201B57}.Debug|Any CPU.ActiveCfg = Debug|Any CPU
		{039FB299-55B8-4E21-B3D5-0A7ECB201B57}.Debug|Any CPU.Build.0 = Debug|Any CPU
		{039FB299-55B8-4E21-B3D5-0A7ECB201B57}.Release|Any CPU.ActiveCfg = Release|Any CPU
		{039FB299-55B8-4E21-B3D5-0A7ECB201B57}.Release|Any CPU.Build.0 = Release|Any CPU
		{1A567152-7FB6-44B6-B8D2-C3D0696A744D}.Debug|Any CPU.ActiveCfg = Debug|Any CPU
		{1A567152-7FB6-44B6-B8D2-C3D0696A744D}.Debug|Any CPU.Build.0 = Debug|Any CPU
		{1A567152-7FB6-44B6-B8D2-C3D0696A744D}.Release|Any CPU.ActiveCfg = Release|Any CPU
		{1A567152-7FB6-44B6-B8D2-C3D0696A744D}.Release|Any CPU.Build.0 = Release|Any CPU
		{47DF38D6-80DB-4180-9935-EFB56A180DB0}.Debug|Any CPU.ActiveCfg = Debug|Any CPU
		{47DF38D6-80DB-4180-9935-EFB56A180DB0}.Debug|Any CPU.Build.0 = Debug|Any CPU
		{47DF38D6-80DB-4180-9935-EFB56A180DB0}.Release|Any CPU.ActiveCfg = Release|Any CPU
		{47DF38D6-80DB-4180-9935-EFB56A180DB0}.Release|Any CPU.Build.0 = Release|Any CPU
		{B0F35714-9909-4CFF-8C90-69248438815F}.Debug|Any CPU.ActiveCfg = Debug|Any CPU
		{B0F35714-9909-4CFF-8C90-69248438815F}.Debug|Any CPU.Build.0 = Debug|Any CPU
		{B0F35714-9909-4CFF-8C90-69248438815F}.Release|Any CPU.ActiveCfg = Release|Any CPU
		{B0F35714-9909-4CFF-8C90-69248438815F}.Release|Any CPU.Build.0 = Release|Any CPU
		{B89E0C1C-52D5-4DD7-9C78-10453E28B590}.Debug|Any CPU.ActiveCfg = Debug|Any CPU
		{B89E0C1C-52D5-4DD7-9C78-10453E28B590}.Debug|Any CPU.Build.0 = Debug|Any CPU
		{B89E0C1C-52D5-4DD7-9C78-10453E28B590}.Release|Any CPU.ActiveCfg = Release|Any CPU
		{B89E0C1C-52D5-4DD7-9C78-10453E28B590}.Release|Any CPU.Build.0 = Release|Any CPU
	EndGlobalSection
	GlobalSection(SolutionProperties) = preSolution
		HideSolutionNode = FALSE
	EndGlobalSection
	GlobalSection(NestedProjects) = preSolution
		{1C960E43-FAE5-41BA-999F-3E6AE07ED3B2} = {4A2B301C-4F11-4225-A205-D9310D6FD547}
		{ADC9F340-C89D-4D64-81CC-5E8B710DDBA6} = {1C960E43-FAE5-41BA-999F-3E6AE07ED3B2}
		{C7C5C18B-18BF-467F-802A-F21E2D69637D} = {4A2B301C-4F11-4225-A205-D9310D6FD547}
		{3A1B07AD-7FF9-4932-BE95-73A6C700F772} = {C7C5C18B-18BF-467F-802A-F21E2D69637D}
		{B883BCAD-F5F5-4290-999F-5A1C1EC815D9} = {4A2B301C-4F11-4225-A205-D9310D6FD547}
		{CF9EA5CF-ACD3-44BA-8A9E-11C787F1003A} = {B883BCAD-F5F5-4290-999F-5A1C1EC815D9}
		{EAB686C6-9A30-4E37-A11A-52A17A9D3770} = {B883BCAD-F5F5-4290-999F-5A1C1EC815D9}
		{DC7F3E3D-7603-41E4-BFED-3D0ADA69BE88} = {B883BCAD-F5F5-4290-999F-5A1C1EC815D9}
		{039FB299-55B8-4E21-B3D5-0A7ECB201B57} = {CF9EA5CF-ACD3-44BA-8A9E-11C787F1003A}
		{1A567152-7FB6-44B6-B8D2-C3D0696A744D} = {CF9EA5CF-ACD3-44BA-8A9E-11C787F1003A}
		{47DF38D6-80DB-4180-9935-EFB56A180DB0} = {EAB686C6-9A30-4E37-A11A-52A17A9D3770}
		{B0F35714-9909-4CFF-8C90-69248438815F} = {DC7F3E3D-7603-41E4-BFED-3D0ADA69BE88}
		{B89E0C1C-52D5-4DD7-9C78-10453E28B590} = {760E50BC-0B1E-40AB-8154-6440819B8783}
	EndGlobalSection
	GlobalSection(ExtensibilityGlobals) = postSolution
		SolutionGuid = {0C26578A-5221-450A-B5F6-408F63E9B5C8}
	EndGlobalSection
EndGlobal
