
Microsoft Visual Studio Solution File, Format Version 12.00
# Visual Studio Version 17
VisualStudioVersion = 17.11.35303.130
MinimumVisualStudioVersion = 10.0.40219.1
Project("{2150E333-8FDC-42A3-9474-1A3956D46DE8}") = "Services", "Services", "{4A2B301C-4F11-4225-A205-D9310D6FD547}"
EndProject
Project("{2150E333-8FDC-42A3-9474-1A3956D46DE8}") = "Catalog", "Catalog", "{1C960E43-FAE5-41BA-999F-3E6AE07ED3B2}"
EndProject
Project("{9A19103F-16F7-4668-BE54-9A1E7A4F7556}") = "E_Commerce.Catalog", "Services\Catalog\E_Commerce.Catalog\E_Commerce.Catalog.csproj", "{ADC9F340-C89D-4D64-81CC-5E8B710DDBA6}"
EndProject
Project("{2150E333-8FDC-42A3-9474-1A3956D46DE8}") = "Discount", "Discount", "{C7C5C18B-18BF-467F-802A-F21E2D69637D}"
EndProject
Project("{9A19103F-16F7-4668-BE54-9A1E7A4F7556}") = "E_Commerce.Discount", "Services\Discount\E_Commerce.Discount\E_Commerce.Discount.csproj", "{3A1B07AD-7FF9-4932-BE95-73A6C700F772}"
EndProject
Project("{2150E333-8FDC-42A3-9474-1A3956D46DE8}") = "Order", "Order", "{B883BCAD-F5F5-4290-999F-5A1C1EC815D9}"
EndProject
Project("{2150E333-8FDC-42A3-9474-1A3956D46DE8}") = "Core", "Core", "{CF9EA5CF-ACD3-44BA-8A9E-11C787F1003A}"
EndProject
Project("{2150E333-8FDC-42A3-9474-1A3956D46DE8}") = "Infrastructure", "Infrastructure", "{EAB686C6-9A30-4E37-A11A-52A17A9D3770}"
EndProject
Project("{2150E333-8FDC-42A3-9474-1A3956D46DE8}") = "Presentation", "Presentation", "{DC7F3E3D-7603-41E4-BFED-3D0ADA69BE88}"
EndProject
Project("{9A19103F-16F7-4668-BE54-9A1E7A4F7556}") = "E_Commerce.Order.Domain", "Services\Order\Core\E_Commerce.Order.Domain\E_Commerce.Order.Domain.csproj", "{039FB299-55B8-4E21-B3D5-0A7ECB201B57}"
EndProject
Project("{9A19103F-16F7-4668-BE54-9A1E7A4F7556}") = "E_Commerce.Order.Application", "Services\Order\Core\E_Commerce.Order.Application\E_Commerce.Order.Application.csproj", "{1A567152-7FB6-44B6-B8D2-C3D0696A744D}"
EndProject
Project("{9A19103F-16F7-4668-BE54-9A1E7A4F7556}") = "E_Commerce.Order.Persistence", "Services\Order\Infrastructure\E_Commerce.Order.Persistence\E_Commerce.Order.Persistence.csproj", "{47DF38D6-80DB-4180-9935-EFB56A180DB0}"
EndProject
Project("{9A19103F-16F7-4668-BE54-9A1E7A4F7556}") = "E_Commerce.Order.WebApi", "Services\Order\Presentation\E_Commerce.Order.WebApi\E_Commerce.Order.WebApi.csproj", "{B0F35714-9909-4CFF-8C90-69248438815F}"
EndProject
Project("{2150E333-8FDC-42A3-9474-1A3956D46DE8}") = "IdentityServer", "IdentityServer", "{760E50BC-0B1E-40AB-8154-6440819B8783}"
EndProject
Project("{9A19103F-16F7-4668-BE54-9A1E7A4F7556}") = "E_Commerce.IdentityServer", "IdentityServer\E_Commerce.IdentityServer\E_Commerce.IdentityServer.csproj", "{B89E0C1C-52D5-4DD7-9C78-10453E28B590}"
EndProject
Project("{2150E333-8FDC-42A3-9474-1A3956D46DE8}") = "Cargo", "Cargo", "{2498EB19-7B53-4EBD-A1F8-ABDDC072A2B9}"
EndProject
Project("{9A19103F-16F7-4668-BE54-9A1E7A4F7556}") = "E_Commerce.Cargo.EntityLayer", "Services\Cargo\E_Commerce.Cargo.EntityLayer\E_Commerce.Cargo.EntityLayer.csproj", "{704274A4-7C0A-46A9-9751-B9C978B5E752}"
EndProject
Project("{9A19103F-16F7-4668-BE54-9A1E7A4F7556}") = "E_Commerce.Cargo.BusinessLayer", "Services\Cargo\E_Commerce.Cargo.BusinessLayer\E_Commerce.Cargo.BusinessLayer.csproj", "{8E129997-29DC-4B98-B2C2-9F9430AA7763}"
EndProject
Project("{9A19103F-16F7-4668-BE54-9A1E7A4F7556}") = "E_Commerce.Cargo.DataAccessLayer", "Services\Cargo\E_Commerce.Cargo.DataAccessLayer\E_Commerce.Cargo.DataAccessLayer.csproj", "{FC3583D8-AB84-406B-9013-9F70885BDA48}"
EndProject
Project("{9A19103F-16F7-4668-BE54-9A1E7A4F7556}") = "E_Commerce.Cargo.DtoLayer", "Services\Cargo\E_Commerce.Cargo.DtoLayer\E_Commerce.Cargo.DtoLayer.csproj", "{2DC64480-35A9-4F8C-B9DE-42381E727405}"
EndProject
Project("{9A19103F-16F7-4668-BE54-9A1E7A4F7556}") = "E_Commerce.Cargo.WebApi", "Services\Cargo\E_Commerce.Cargo.WebApi\E_Commerce.Cargo.WebApi.csproj", "{608BF965-2848-4B19-A96A-0CEC73A8AC88}"
EndProject
Project("{2150E333-8FDC-42A3-9474-1A3956D46DE8}") = "Basket", "Basket", "{84C3BEED-8D92-4D2E-96AA-B54186C6C930}"
EndProject
Project("{9A19103F-16F7-4668-BE54-9A1E7A4F7556}") = "E_Commerce.Basket", "Services\Basket\E_Commerce.Basket\E_Commerce.Basket.csproj", "{8892F340-A1B9-4C36-9E88-BA390DCC0030}"
EndProject
Project("{2150E333-8FDC-42A3-9474-1A3956D46DE8}") = "Frontends", "Frontends", "{B779B8A8-3A0F-4350-AF78-4468B17DB220}"
EndProject
Project("{9A19103F-16F7-4668-BE54-9A1E7A4F7556}") = "E_Commerce.WebUI", "Frontends\E_Commerce.WebUI\E_Commerce.WebUI.csproj", "{7B1F1D0A-B3AD-49BC-AF9C-369527B9927A}"
EndProject
Project("{9A19103F-16F7-4668-BE54-9A1E7A4F7556}") = "E_Commerce.DtoLayer", "Frontends\E_Commerce.DtoLayer\E_Commerce.DtoLayer.csproj", "{C4BA108B-F95D-4B57-9493-AAF53C79E93F}"
EndProject
Project("{2150E333-8FDC-42A3-9474-1A3956D46DE8}") = "Comment", "Comment", "{E36C6FFB-61CA-4CD6-88B9-0D594329D457}"
EndProject
Project("{9A19103F-16F7-4668-BE54-9A1E7A4F7556}") = "E_Commerce.Comment", "Services\Comment\E_Commerce.Comment\E_Commerce.Comment.csproj", "{0FE26DFA-9D2F-4EB2-935C-6EA14127B8CD}"
EndProject
Project("{2150E333-8FDC-42A3-9474-1A3956D46DE8}") = "ApiGateway", "ApiGateway", "{21D5AFF6-C774-45AF-8876-49D50A69F083}"
EndProject
Project("{2150E333-8FDC-42A3-9474-1A3956D46DE8}") = "RapidApi", "RapidApi", "{998046A4-232E-4672-9C07-A0DF0D9251C3}"
EndProject
Project("{FAE04EC0-301F-11D3-BF4B-00C04F79EFBC}") = "E_Commerce.OcelotGateway", "ApiGateway\E_Commerce.OcelotGateway\E_Commerce.OcelotGateway.csproj", "{E3EEF7D6-B2B8-4DD9-B81B-C2611F2810F5}"
EndProject
Project("{2150E333-8FDC-42A3-9474-1A3956D46DE8}") = "Payment", "Payment", "{1E6429A4-8A4C-45C9-A89B-81AD9E792978}"
EndProject
Project("{FAE04EC0-301F-11D3-BF4B-00C04F79EFBC}") = "E_Commerce.Payment", "Services\Payment\E_Commerce.Payment\E_Commerce.Payment.csproj", "{A05FA218-B8D7-475B-A8C5-F285E02D5D75}"
EndProject
Project("{2150E333-8FDC-42A3-9474-1A3956D46DE8}") = "Images", "Images", "{BEB0B8F3-135D-4579-8E21-20D8BB6863EC}"
EndProject
Project("{FAE04EC0-301F-11D3-BF4B-00C04F79EFBC}") = "E_Commerce.Images", "Services\Images\E_Commerce.Images\E_Commerce.Images.csproj", "{FB087591-CE0E-47E8-A73F-527E45FFF48C}"
EndProject
Global
	GlobalSection(SolutionConfigurationPlatforms) = preSolution
		Debug|Any CPU = Debug|Any CPU
		Release|Any CPU = Release|Any CPU
	EndGlobalSection
	GlobalSection(ProjectConfigurationPlatforms) = postSolution
		{ADC9F340-C89D-4D64-81CC-5E8B710DDBA6}.Debug|Any CPU.ActiveCfg = Debug|Any CPU
		{ADC9F340-C89D-4D64-81CC-5E8B710DDBA6}.Debug|Any CPU.Build.0 = Debug|Any CPU
		{ADC9F340-C89D-4D64-81CC-5E8B710DDBA6}.Release|Any CPU.ActiveCfg = Release|Any CPU
		{ADC9F340-C89D-4D64-81CC-5E8B710DDBA6}.Release|Any CPU.Build.0 = Release|Any CPU
		{3A1B07AD-7FF9-4932-BE95-73A6C700F772}.Debug|Any CPU.ActiveCfg = Debug|Any CPU
		{3A1B07AD-7FF9-4932-BE95-73A6C700F772}.Debug|Any CPU.Build.0 = Debug|Any CPU
		{3A1B07AD-7FF9-4932-BE95-73A6C700F772}.Release|Any CPU.ActiveCfg = Release|Any CPU
		{3A1B07AD-7FF9-4932-BE95-73A6C700F772}.Release|Any CPU.Build.0 = Release|Any CPU
		{039FB299-55B8-4E21-B3D5-0A7ECB201B57}.Debug|Any CPU.ActiveCfg = Debug|Any CPU
		{039FB299-55B8-4E21-B3D5-0A7ECB201B57}.Debug|Any CPU.Build.0 = Debug|Any CPU
		{039FB299-55B8-4E21-B3D5-0A7ECB201B57}.Release|Any CPU.ActiveCfg = Release|Any CPU
		{039FB299-55B8-4E21-B3D5-0A7ECB201B57}.Release|Any CPU.Build.0 = Release|Any CPU
		{1A567152-7FB6-44B6-B8D2-C3D0696A744D}.Debug|Any CPU.ActiveCfg = Debug|Any CPU
		{1A567152-7FB6-44B6-B8D2-C3D0696A744D}.Debug|Any CPU.Build.0 = Debug|Any CPU
		{1A567152-7FB6-44B6-B8D2-C3D0696A744D}.Release|Any CPU.ActiveCfg = Release|Any CPU
		{1A567152-7FB6-44B6-B8D2-C3D0696A744D}.Release|Any CPU.Build.0 = Release|Any CPU
		{47DF38D6-80DB-4180-9935-EFB56A180DB0}.Debug|Any CPU.ActiveCfg = Debug|Any CPU
		{47DF38D6-80DB-4180-9935-EFB56A180DB0}.Debug|Any CPU.Build.0 = Debug|Any CPU
		{47DF38D6-80DB-4180-9935-EFB56A180DB0}.Release|Any CPU.ActiveCfg = Release|Any CPU
		{47DF38D6-80DB-4180-9935-EFB56A180DB0}.Release|Any CPU.Build.0 = Release|Any CPU
		{B0F35714-9909-4CFF-8C90-69248438815F}.Debug|Any CPU.ActiveCfg = Debug|Any CPU
		{B0F35714-9909-4CFF-8C90-69248438815F}.Debug|Any CPU.Build.0 = Debug|Any CPU
		{B0F35714-9909-4CFF-8C90-69248438815F}.Release|Any CPU.ActiveCfg = Release|Any CPU
		{B0F35714-9909-4CFF-8C90-69248438815F}.Release|Any CPU.Build.0 = Release|Any CPU
		{B89E0C1C-52D5-4DD7-9C78-10453E28B590}.Debug|Any CPU.ActiveCfg = Debug|Any CPU
		{B89E0C1C-52D5-4DD7-9C78-10453E28B590}.Debug|Any CPU.Build.0 = Debug|Any CPU
		{B89E0C1C-52D5-4DD7-9C78-10453E28B590}.Release|Any CPU.ActiveCfg = Release|Any CPU
		{B89E0C1C-52D5-4DD7-9C78-10453E28B590}.Release|Any CPU.Build.0 = Release|Any CPU
		{704274A4-7C0A-46A9-9751-B9C978B5E752}.Debug|Any CPU.ActiveCfg = Debug|Any CPU
		{704274A4-7C0A-46A9-9751-B9C978B5E752}.Debug|Any CPU.Build.0 = Debug|Any CPU
		{704274A4-7C0A-46A9-9751-B9C978B5E752}.Release|Any CPU.ActiveCfg = Release|Any CPU
		{704274A4-7C0A-46A9-9751-B9C978B5E752}.Release|Any CPU.Build.0 = Release|Any CPU
		{8E129997-29DC-4B98-B2C2-9F9430AA7763}.Debug|Any CPU.ActiveCfg = Debug|Any CPU
		{8E129997-29DC-4B98-B2C2-9F9430AA7763}.Debug|Any CPU.Build.0 = Debug|Any CPU
		{8E129997-29DC-4B98-B2C2-9F9430AA7763}.Release|Any CPU.ActiveCfg = Release|Any CPU
		{8E129997-29DC-4B98-B2C2-9F9430AA7763}.Release|Any CPU.Build.0 = Release|Any CPU
		{FC3583D8-AB84-406B-9013-9F70885BDA48}.Debug|Any CPU.ActiveCfg = Debug|Any CPU
		{FC3583D8-AB84-406B-9013-9F70885BDA48}.Debug|Any CPU.Build.0 = Debug|Any CPU
		{FC3583D8-AB84-406B-9013-9F70885BDA48}.Release|Any CPU.ActiveCfg = Release|Any CPU
		{FC3583D8-AB84-406B-9013-9F70885BDA48}.Release|Any CPU.Build.0 = Release|Any CPU
		{2DC64480-35A9-4F8C-B9DE-42381E727405}.Debug|Any CPU.ActiveCfg = Debug|Any CPU
		{2DC64480-35A9-4F8C-B9DE-42381E727405}.Debug|Any CPU.Build.0 = Debug|Any CPU
		{2DC64480-35A9-4F8C-B9DE-42381E727405}.Release|Any CPU.ActiveCfg = Release|Any CPU
		{2DC64480-35A9-4F8C-B9DE-42381E727405}.Release|Any CPU.Build.0 = Release|Any CPU
		{608BF965-2848-4B19-A96A-0CEC73A8AC88}.Debug|Any CPU.ActiveCfg = Debug|Any CPU
		{608BF965-2848-4B19-A96A-0CEC73A8AC88}.Debug|Any CPU.Build.0 = Debug|Any CPU
		{608BF965-2848-4B19-A96A-0CEC73A8AC88}.Release|Any CPU.ActiveCfg = Release|Any CPU
		{608BF965-2848-4B19-A96A-0CEC73A8AC88}.Release|Any CPU.Build.0 = Release|Any CPU
		{8892F340-A1B9-4C36-9E88-BA390DCC0030}.Debug|Any CPU.ActiveCfg = Debug|Any CPU
		{8892F340-A1B9-4C36-9E88-BA390DCC0030}.Debug|Any CPU.Build.0 = Debug|Any CPU
		{8892F340-A1B9-4C36-9E88-BA390DCC0030}.Release|Any CPU.ActiveCfg = Release|Any CPU
		{8892F340-A1B9-4C36-9E88-BA390DCC0030}.Release|Any CPU.Build.0 = Release|Any CPU
		{7B1F1D0A-B3AD-49BC-AF9C-369527B9927A}.Debug|Any CPU.ActiveCfg = Debug|Any CPU
		{7B1F1D0A-B3AD-49BC-AF9C-369527B9927A}.Debug|Any CPU.Build.0 = Debug|Any CPU
		{7B1F1D0A-B3AD-49BC-AF9C-369527B9927A}.Release|Any CPU.ActiveCfg = Release|Any CPU
		{7B1F1D0A-B3AD-49BC-AF9C-369527B9927A}.Release|Any CPU.Build.0 = Release|Any CPU
		{C4BA108B-F95D-4B57-9493-AAF53C79E93F}.Debug|Any CPU.ActiveCfg = Debug|Any CPU
		{C4BA108B-F95D-4B57-9493-AAF53C79E93F}.Debug|Any CPU.Build.0 = Debug|Any CPU
		{C4BA108B-F95D-4B57-9493-AAF53C79E93F}.Release|Any CPU.ActiveCfg = Release|Any CPU
		{C4BA108B-F95D-4B57-9493-AAF53C79E93F}.Release|Any CPU.Build.0 = Release|Any CPU
		{0FE26DFA-9D2F-4EB2-935C-6EA14127B8CD}.Debug|Any CPU.ActiveCfg = Debug|Any CPU
		{0FE26DFA-9D2F-4EB2-935C-6EA14127B8CD}.Debug|Any CPU.Build.0 = Debug|Any CPU
		{0FE26DFA-9D2F-4EB2-935C-6EA14127B8CD}.Release|Any CPU.ActiveCfg = Release|Any CPU
		{0FE26DFA-9D2F-4EB2-935C-6EA14127B8CD}.Release|Any CPU.Build.0 = Release|Any CPU
		{E3EEF7D6-B2B8-4DD9-B81B-C2611F2810F5}.Debug|Any CPU.ActiveCfg = Debug|Any CPU
		{E3EEF7D6-B2B8-4DD9-B81B-C2611F2810F5}.Debug|Any CPU.Build.0 = Debug|Any CPU
		{E3EEF7D6-B2B8-4DD9-B81B-C2611F2810F5}.Release|Any CPU.ActiveCfg = Release|Any CPU
		{E3EEF7D6-B2B8-4DD9-B81B-C2611F2810F5}.Release|Any CPU.Build.0 = Release|Any CPU
		{A05FA218-B8D7-475B-A8C5-F285E02D5D75}.Debug|Any CPU.ActiveCfg = Debug|Any CPU
		{A05FA218-B8D7-475B-A8C5-F285E02D5D75}.Debug|Any CPU.Build.0 = Debug|Any CPU
		{A05FA218-B8D7-475B-A8C5-F285E02D5D75}.Release|Any CPU.ActiveCfg = Release|Any CPU
		{A05FA218-B8D7-475B-A8C5-F285E02D5D75}.Release|Any CPU.Build.0 = Release|Any CPU
		{FB087591-CE0E-47E8-A73F-527E45FFF48C}.Debug|Any CPU.ActiveCfg = Debug|Any CPU
		{FB087591-CE0E-47E8-A73F-527E45FFF48C}.Debug|Any CPU.Build.0 = Debug|Any CPU
		{FB087591-CE0E-47E8-A73F-527E45FFF48C}.Release|Any CPU.ActiveCfg = Release|Any CPU
		{FB087591-CE0E-47E8-A73F-527E45FFF48C}.Release|Any CPU.Build.0 = Release|Any CPU
	EndGlobalSection
	GlobalSection(SolutionProperties) = preSolution
		HideSolutionNode = FALSE
	EndGlobalSection
	GlobalSection(NestedProjects) = preSolution
		{1C960E43-FAE5-41BA-999F-3E6AE07ED3B2} = {4A2B301C-4F11-4225-A205-D9310D6FD547}
		{ADC9F340-C89D-4D64-81CC-5E8B710DDBA6} = {1C960E43-FAE5-41BA-999F-3E6AE07ED3B2}
		{C7C5C18B-18BF-467F-802A-F21E2D69637D} = {4A2B301C-4F11-4225-A205-D9310D6FD547}
		{3A1B07AD-7FF9-4932-BE95-73A6C700F772} = {C7C5C18B-18BF-467F-802A-F21E2D69637D}
		{B883BCAD-F5F5-4290-999F-5A1C1EC815D9} = {4A2B301C-4F11-4225-A205-D9310D6FD547}
		{CF9EA5CF-ACD3-44BA-8A9E-11C787F1003A} = {B883BCAD-F5F5-4290-999F-5A1C1EC815D9}
		{EAB686C6-9A30-4E37-A11A-52A17A9D3770} = {B883BCAD-F5F5-4290-999F-5A1C1EC815D9}
		{DC7F3E3D-7603-41E4-BFED-3D0ADA69BE88} = {B883BCAD-F5F5-4290-999F-5A1C1EC815D9}
		{039FB299-55B8-4E21-B3D5-0A7ECB201B57} = {CF9EA5CF-ACD3-44BA-8A9E-11C787F1003A}
		{1A567152-7FB6-44B6-B8D2-C3D0696A744D} = {CF9EA5CF-ACD3-44BA-8A9E-11C787F1003A}
		{47DF38D6-80DB-4180-9935-EFB56A180DB0} = {EAB686C6-9A30-4E37-A11A-52A17A9D3770}
		{B0F35714-9909-4CFF-8C90-69248438815F} = {DC7F3E3D-7603-41E4-BFED-3D0ADA69BE88}
		{B89E0C1C-52D5-4DD7-9C78-10453E28B590} = {760E50BC-0B1E-40AB-8154-6440819B8783}
		{2498EB19-7B53-4EBD-A1F8-ABDDC072A2B9} = {4A2B301C-4F11-4225-A205-D9310D6FD547}
		{704274A4-7C0A-46A9-9751-B9C978B5E752} = {2498EB19-7B53-4EBD-A1F8-ABDDC072A2B9}
		{8E129997-29DC-4B98-B2C2-9F9430AA7763} = {2498EB19-7B53-4EBD-A1F8-ABDDC072A2B9}
		{FC3583D8-AB84-406B-9013-9F70885BDA48} = {2498EB19-7B53-4EBD-A1F8-ABDDC072A2B9}
		{2DC64480-35A9-4F8C-B9DE-42381E727405} = {2498EB19-7B53-4EBD-A1F8-ABDDC072A2B9}
		{608BF965-2848-4B19-A96A-0CEC73A8AC88} = {2498EB19-7B53-4EBD-A1F8-ABDDC072A2B9}
		{84C3BEED-8D92-4D2E-96AA-B54186C6C930} = {4A2B301C-4F11-4225-A205-D9310D6FD547}
		{8892F340-A1B9-4C36-9E88-BA390DCC0030} = {84C3BEED-8D92-4D2E-96AA-B54186C6C930}
		{7B1F1D0A-B3AD-49BC-AF9C-369527B9927A} = {B779B8A8-3A0F-4350-AF78-4468B17DB220}
		{C4BA108B-F95D-4B57-9493-AAF53C79E93F} = {B779B8A8-3A0F-4350-AF78-4468B17DB220}
		{E36C6FFB-61CA-4CD6-88B9-0D594329D457} = {4A2B301C-4F11-4225-A205-D9310D6FD547}
		{0FE26DFA-9D2F-4EB2-935C-6EA14127B8CD} = {E36C6FFB-61CA-4CD6-88B9-0D594329D457}
		{E3EEF7D6-B2B8-4DD9-B81B-C2611F2810F5} = {21D5AFF6-C774-45AF-8876-49D50A69F083}
		{1E6429A4-8A4C-45C9-A89B-81AD9E792978} = {4A2B301C-4F11-4225-A205-D9310D6FD547}
		{A05FA218-B8D7-475B-A8C5-F285E02D5D75} = {1E6429A4-8A4C-45C9-A89B-81AD9E792978}
		{BEB0B8F3-135D-4579-8E21-20D8BB6863EC} = {4A2B301C-4F11-4225-A205-D9310D6FD547}
		{FB087591-CE0E-47E8-A73F-527E45FFF48C} = {BEB0B8F3-135D-4579-8E21-20D8BB6863EC}
	EndGlobalSection
	GlobalSection(ExtensibilityGlobals) = postSolution
		SolutionGuid = {0C26578A-5221-450A-B5F6-408F63E9B5C8}
	EndGlobalSection
EndGlobal
